
Microsoft Visual Studio Solution File, Format Version 12.00
# Visual Studio Version 17
VisualStudioVersion = 17.3.32929.385
MinimumVisualStudioVersion = 10.0.40219.1
Project("{8BC9CEB8-8B4A-11D0-8D11-00A0C91BC942}") = "noteImportant", "noteImportant\noteImportant.vcxproj", "{9C4702B1-C132-41F2-9085-767D6CB56FC6}"
EndProject
Project("{8BC9CEB8-8B4A-11D0-8D11-00A0C91BC942}") = "二叉树的中序遍历", "二叉树的中序遍历\二叉树的中序遍历.vcxproj", "{44192935-293F-456E-AA05-973FB8F8917F}"
EndProject
Project("{8BC9CEB8-8B4A-11D0-8D11-00A0C91BC942}") = "相同的树", "相同的树\相同的树.vcxproj", "{8455C30E-DCE5-43B9-A065-0081FD6822DF}"
EndProject
Project("{8BC9CEB8-8B4A-11D0-8D11-00A0C91BC942}") = "对称二叉树", "对称二叉树\对称二叉树.vcxproj", "{FE706871-4BB0-4152-998C-39C96D2EA23A}"
EndProject
Project("{8BC9CEB8-8B4A-11D0-8D11-00A0C91BC942}") = "二叉树的最大深度", "二叉树的最大深度\二叉树的最大深度.vcxproj", "{42A79FDA-5524-4F84-A8A8-A1ED49B647E4}"
EndProject
Project("{8BC9CEB8-8B4A-11D0-8D11-00A0C91BC942}") = "printf2个模板", "Project2\Project2.vcxproj", "{CD1DA4D3-1A24-449B-B3A9-8B37787012D6}"
EndProject
Project("{8BC9CEB8-8B4A-11D0-8D11-00A0C91BC942}") = "插入排序", "Project3\Project3.vcxproj", "{3867BBF1-FCB4-4AB4-8C38-FCB2F2060088}"
EndProject
Project("{8BC9CEB8-8B4A-11D0-8D11-00A0C91BC942}") = "选择排序", "test\test.vcxproj", "{B1DA7FD8-055C-4BD9-9416-F3DAFBF2DC23}"
EndProject
Project("{8BC9CEB8-8B4A-11D0-8D11-00A0C91BC942}") = "冒泡排序", "冒泡排序\冒泡排序.vcxproj", "{30F7EBF3-9EB3-46BB-A012-FD473AC99CD8}"
EndProject
Project("{8BC9CEB8-8B4A-11D0-8D11-00A0C91BC942}") = "顺序查找", "顺序查找\顺序查找.vcxproj", "{D001D14F-809C-455B-9978-0EB8EFA5D8B6}"
EndProject
Project("{8BC9CEB8-8B4A-11D0-8D11-00A0C91BC942}") = "可变参数打印print_error", "可变参数打印print_error\可变参数打印print_error.vcxproj", "{F80F0053-B881-4C77-9449-B655CDF64347}"
EndProject
Project("{8BC9CEB8-8B4A-11D0-8D11-00A0C91BC942}") = "模板元例子", "模板元例子\模板元例子.vcxproj", "{5AFBFB5F-DBDC-4B63-A814-6F44D9BCA7FC}"
EndProject
Project("{8BC9CEB8-8B4A-11D0-8D11-00A0C91BC942}") = "dequeVectorList时间测试", "ConsoleApplication1\ConsoleApplication1.vcxproj", "{E224BF46-2C54-465A-87A3-E027ACD20EE1}"
EndProject
Project("{8BC9CEB8-8B4A-11D0-8D11-00A0C91BC942}") = "transfom用法", "Project5\Project5.vcxproj", "{701E9D4B-94F0-4B98-AEC6-2B9B89BD3BC8}"
EndProject
Project("{8BC9CEB8-8B4A-11D0-8D11-00A0C91BC942}") = "模板struct", "Project6\Project6.vcxproj", "{627E8DF9-AB63-4FAB-926F-6C502C973C2F}"
EndProject
Project("{8BC9CEB8-8B4A-11D0-8D11-00A0C91BC942}") = "交换2个list", "Project7\Project7.vcxproj", "{BA796BC2-46A0-4CBE-89AC-A8400552AFBB}"
EndProject
Project("{8BC9CEB8-8B4A-11D0-8D11-00A0C91BC942}") = "new(a)int(300)用法", "Project1\Project1.vcxproj", "{D2D465F4-5DDD-45CB-B4DE-1F04836B8E22}"
EndProject
Project("{8BC9CEB8-8B4A-11D0-8D11-00A0C91BC942}") = "queue()stack()priority()pop", "ConsoleApplication3\ConsoleApplication3.vcxproj", "{63E94283-FCA2-405F-821D-DD7B29CEA3E9}"
EndProject
Project("{8BC9CEB8-8B4A-11D0-8D11-00A0C91BC942}") = "统计单词出现次数.", "Project8\Project8.vcxproj", "{341020F0-22AB-499E-8798-6DA6F20C8F7A}"
EndProject
Project("{8BC9CEB8-8B4A-11D0-8D11-00A0C91BC942}") = "swap三种", "Project9\Project9.vcxproj", "{64B799D5-E3B1-45D9-98CB-173A80B14854}"
EndProject
Project("{8BC9CEB8-8B4A-11D0-8D11-00A0C91BC942}") = "set集合操作", "ConsoleApplication4\ConsoleApplication4.vcxproj", "{E3D7B569-8611-4FE0-B552-B3A6A824F8B4}"
EndProject
Project("{8BC9CEB8-8B4A-11D0-8D11-00A0C91BC942}") = "unique只是把重复的放后面了", "ConsoleApplication5\ConsoleApplication5.vcxproj", "{FF05A212-8060-455C-879D-3A6D0F43C1F7}"
EndProject
Project("{8BC9CEB8-8B4A-11D0-8D11-00A0C91BC942}") = "用generate()产生随机数.", "ConsoleApplication6\ConsoleApplication6.vcxproj", "{7C83BF5B-106E-460E-A7FC-61E6B8C5135C}"
EndProject
Project("{8BC9CEB8-8B4A-11D0-8D11-00A0C91BC942}") = "n的n次方", "ConsoleApplication7\ConsoleApplication7.vcxproj", "{382D06C9-037C-4C56-9014-3B8D63382E70}"
EndProject
Project("{8BC9CEB8-8B4A-11D0-8D11-00A0C91BC942}") = "Array数组", "Arrat\Arrat.vcxproj", "{38C784A3-48C2-4C39-910E-10E8C0F45A00}"
EndProject
Project("{8BC9CEB8-8B4A-11D0-8D11-00A0C91BC942}") = "Project10", "Project10\Project10.vcxproj", "{C8536364-28A7-47DD-BD77-FB82CBD6300A}"
EndProject
Project("{8BC9CEB8-8B4A-11D0-8D11-00A0C91BC942}") = "serializationArchive", "Project11\Project11.vcxproj", "{D9BBBB1B-F8EC-46FE-8E7F-016EDB042222}"
EndProject
Project("{8BC9CEB8-8B4A-11D0-8D11-00A0C91BC942}") = "ios_basefmtflags", "Project12\Project12.vcxproj", "{A4376DD4-E5B6-41A5-818A-001C82788D4C}"
EndProject
Project("{8BC9CEB8-8B4A-11D0-8D11-00A0C91BC942}") = "文件io", "Project13\Project13.vcxproj", "{686C26A9-CB9B-4D0D-811D-BC6942F73C5F}"
EndProject
Project("{8BC9CEB8-8B4A-11D0-8D11-00A0C91BC942}") = "streambuff整个文件", "Project14\Project14.vcxproj", "{4A3B9EC9-BC25-4BCF-88FC-B33B354301D0}"
EndProject
Project("{8BC9CEB8-8B4A-11D0-8D11-00A0C91BC942}") = "自己的异常", "Project15\Project15.vcxproj", "{388888CF-CE2D-42BB-91DA-1B88F9EE3AEE}"
EndProject
Project("{8BC9CEB8-8B4A-11D0-8D11-00A0C91BC942}") = "Project16", "Project16\Project16.vcxproj", "{02A8010C-937D-4230-967C-E9D7E6108BC3}"
EndProject
Global
	GlobalSection(SolutionConfigurationPlatforms) = preSolution
		Debug|x64 = Debug|x64
		Debug|x86 = Debug|x86
		Release|x64 = Release|x64
		Release|x86 = Release|x86
	EndGlobalSection
	GlobalSection(ProjectConfigurationPlatforms) = postSolution
		{9C4702B1-C132-41F2-9085-767D6CB56FC6}.Debug|x64.ActiveCfg = Debug|x64
		{9C4702B1-C132-41F2-9085-767D6CB56FC6}.Debug|x64.Build.0 = Debug|x64
		{9C4702B1-C132-41F2-9085-767D6CB56FC6}.Debug|x86.ActiveCfg = Debug|Win32
		{9C4702B1-C132-41F2-9085-767D6CB56FC6}.Debug|x86.Build.0 = Debug|Win32
		{9C4702B1-C132-41F2-9085-767D6CB56FC6}.Release|x64.ActiveCfg = Release|x64
		{9C4702B1-C132-41F2-9085-767D6CB56FC6}.Release|x64.Build.0 = Release|x64
		{9C4702B1-C132-41F2-9085-767D6CB56FC6}.Release|x86.ActiveCfg = Release|Win32
		{9C4702B1-C132-41F2-9085-767D6CB56FC6}.Release|x86.Build.0 = Release|Win32
		{44192935-293F-456E-AA05-973FB8F8917F}.Debug|x64.ActiveCfg = Debug|x64
		{44192935-293F-456E-AA05-973FB8F8917F}.Debug|x64.Build.0 = Debug|x64
		{44192935-293F-456E-AA05-973FB8F8917F}.Debug|x86.ActiveCfg = Debug|Win32
		{44192935-293F-456E-AA05-973FB8F8917F}.Debug|x86.Build.0 = Debug|Win32
		{44192935-293F-456E-AA05-973FB8F8917F}.Release|x64.ActiveCfg = Release|x64
		{44192935-293F-456E-AA05-973FB8F8917F}.Release|x64.Build.0 = Release|x64
		{44192935-293F-456E-AA05-973FB8F8917F}.Release|x86.ActiveCfg = Release|Win32
		{44192935-293F-456E-AA05-973FB8F8917F}.Release|x86.Build.0 = Release|Win32
		{8455C30E-DCE5-43B9-A065-0081FD6822DF}.Debug|x64.ActiveCfg = Debug|x64
		{8455C30E-DCE5-43B9-A065-0081FD6822DF}.Debug|x64.Build.0 = Debug|x64
		{8455C30E-DCE5-43B9-A065-0081FD6822DF}.Debug|x86.ActiveCfg = Debug|Win32
		{8455C30E-DCE5-43B9-A065-0081FD6822DF}.Debug|x86.Build.0 = Debug|Win32
		{8455C30E-DCE5-43B9-A065-0081FD6822DF}.Release|x64.ActiveCfg = Release|x64
		{8455C30E-DCE5-43B9-A065-0081FD6822DF}.Release|x64.Build.0 = Release|x64
		{8455C30E-DCE5-43B9-A065-0081FD6822DF}.Release|x86.ActiveCfg = Release|Win32
		{8455C30E-DCE5-43B9-A065-0081FD6822DF}.Release|x86.Build.0 = Release|Win32
		{FE706871-4BB0-4152-998C-39C96D2EA23A}.Debug|x64.ActiveCfg = Debug|x64
		{FE706871-4BB0-4152-998C-39C96D2EA23A}.Debug|x64.Build.0 = Debug|x64
		{FE706871-4BB0-4152-998C-39C96D2EA23A}.Debug|x86.ActiveCfg = Debug|Win32
		{FE706871-4BB0-4152-998C-39C96D2EA23A}.Debug|x86.Build.0 = Debug|Win32
		{FE706871-4BB0-4152-998C-39C96D2EA23A}.Release|x64.ActiveCfg = Release|x64
		{FE706871-4BB0-4152-998C-39C96D2EA23A}.Release|x64.Build.0 = Release|x64
		{FE706871-4BB0-4152-998C-39C96D2EA23A}.Release|x86.ActiveCfg = Release|Win32
		{FE706871-4BB0-4152-998C-39C96D2EA23A}.Release|x86.Build.0 = Release|Win32
		{42A79FDA-5524-4F84-A8A8-A1ED49B647E4}.Debug|x64.ActiveCfg = Debug|x64
		{42A79FDA-5524-4F84-A8A8-A1ED49B647E4}.Debug|x64.Build.0 = Debug|x64
		{42A79FDA-5524-4F84-A8A8-A1ED49B647E4}.Debug|x86.ActiveCfg = Debug|Win32
		{42A79FDA-5524-4F84-A8A8-A1ED49B647E4}.Debug|x86.Build.0 = Debug|Win32
		{42A79FDA-5524-4F84-A8A8-A1ED49B647E4}.Release|x64.ActiveCfg = Release|x64
		{42A79FDA-5524-4F84-A8A8-A1ED49B647E4}.Release|x64.Build.0 = Release|x64
		{42A79FDA-5524-4F84-A8A8-A1ED49B647E4}.Release|x86.ActiveCfg = Release|Win32
		{42A79FDA-5524-4F84-A8A8-A1ED49B647E4}.Release|x86.Build.0 = Release|Win32
		{CD1DA4D3-1A24-449B-B3A9-8B37787012D6}.Debug|x64.ActiveCfg = Debug|x64
		{CD1DA4D3-1A24-449B-B3A9-8B37787012D6}.Debug|x64.Build.0 = Debug|x64
		{CD1DA4D3-1A24-449B-B3A9-8B37787012D6}.Debug|x86.ActiveCfg = Debug|Win32
		{CD1DA4D3-1A24-449B-B3A9-8B37787012D6}.Debug|x86.Build.0 = Debug|Win32
		{CD1DA4D3-1A24-449B-B3A9-8B37787012D6}.Release|x64.ActiveCfg = Release|x64
		{CD1DA4D3-1A24-449B-B3A9-8B37787012D6}.Release|x64.Build.0 = Release|x64
		{CD1DA4D3-1A24-449B-B3A9-8B37787012D6}.Release|x86.ActiveCfg = Release|Win32
		{CD1DA4D3-1A24-449B-B3A9-8B37787012D6}.Release|x86.Build.0 = Release|Win32
		{3867BBF1-FCB4-4AB4-8C38-FCB2F2060088}.Debug|x64.ActiveCfg = Debug|x64
		{3867BBF1-FCB4-4AB4-8C38-FCB2F2060088}.Debug|x64.Build.0 = Debug|x64
		{3867BBF1-FCB4-4AB4-8C38-FCB2F2060088}.Debug|x86.ActiveCfg = Debug|Win32
		{3867BBF1-FCB4-4AB4-8C38-FCB2F2060088}.Debug|x86.Build.0 = Debug|Win32
		{3867BBF1-FCB4-4AB4-8C38-FCB2F2060088}.Release|x64.ActiveCfg = Release|x64
		{3867BBF1-FCB4-4AB4-8C38-FCB2F2060088}.Release|x64.Build.0 = Release|x64
		{3867BBF1-FCB4-4AB4-8C38-FCB2F2060088}.Release|x86.ActiveCfg = Release|Win32
		{3867BBF1-FCB4-4AB4-8C38-FCB2F2060088}.Release|x86.Build.0 = Release|Win32
		{B1DA7FD8-055C-4BD9-9416-F3DAFBF2DC23}.Debug|x64.ActiveCfg = Debug|x64
		{B1DA7FD8-055C-4BD9-9416-F3DAFBF2DC23}.Debug|x64.Build.0 = Debug|x64
		{B1DA7FD8-055C-4BD9-9416-F3DAFBF2DC23}.Debug|x86.ActiveCfg = Debug|Win32
		{B1DA7FD8-055C-4BD9-9416-F3DAFBF2DC23}.Debug|x86.Build.0 = Debug|Win32
		{B1DA7FD8-055C-4BD9-9416-F3DAFBF2DC23}.Release|x64.ActiveCfg = Release|x64
		{B1DA7FD8-055C-4BD9-9416-F3DAFBF2DC23}.Release|x64.Build.0 = Release|x64
		{B1DA7FD8-055C-4BD9-9416-F3DAFBF2DC23}.Release|x86.ActiveCfg = Release|Win32
		{B1DA7FD8-055C-4BD9-9416-F3DAFBF2DC23}.Release|x86.Build.0 = Release|Win32
		{30F7EBF3-9EB3-46BB-A012-FD473AC99CD8}.Debug|x64.ActiveCfg = Debug|x64
		{30F7EBF3-9EB3-46BB-A012-FD473AC99CD8}.Debug|x64.Build.0 = Debug|x64
		{30F7EBF3-9EB3-46BB-A012-FD473AC99CD8}.Debug|x86.ActiveCfg = Debug|Win32
		{30F7EBF3-9EB3-46BB-A012-FD473AC99CD8}.Debug|x86.Build.0 = Debug|Win32
		{30F7EBF3-9EB3-46BB-A012-FD473AC99CD8}.Release|x64.ActiveCfg = Release|x64
		{30F7EBF3-9EB3-46BB-A012-FD473AC99CD8}.Release|x64.Build.0 = Release|x64
		{30F7EBF3-9EB3-46BB-A012-FD473AC99CD8}.Release|x86.ActiveCfg = Release|Win32
		{30F7EBF3-9EB3-46BB-A012-FD473AC99CD8}.Release|x86.Build.0 = Release|Win32
		{D001D14F-809C-455B-9978-0EB8EFA5D8B6}.Debug|x64.ActiveCfg = Debug|x64
		{D001D14F-809C-455B-9978-0EB8EFA5D8B6}.Debug|x64.Build.0 = Debug|x64
		{D001D14F-809C-455B-9978-0EB8EFA5D8B6}.Debug|x86.ActiveCfg = Debug|Win32
		{D001D14F-809C-455B-9978-0EB8EFA5D8B6}.Debug|x86.Build.0 = Debug|Win32
		{D001D14F-809C-455B-9978-0EB8EFA5D8B6}.Release|x64.ActiveCfg = Release|x64
		{D001D14F-809C-455B-9978-0EB8EFA5D8B6}.Release|x64.Build.0 = Release|x64
		{D001D14F-809C-455B-9978-0EB8EFA5D8B6}.Release|x86.ActiveCfg = Release|Win32
		{D001D14F-809C-455B-9978-0EB8EFA5D8B6}.Release|x86.Build.0 = Release|Win32
		{F80F0053-B881-4C77-9449-B655CDF64347}.Debug|x64.ActiveCfg = Debug|x64
		{F80F0053-B881-4C77-9449-B655CDF64347}.Debug|x64.Build.0 = Debug|x64
		{F80F0053-B881-4C77-9449-B655CDF64347}.Debug|x86.ActiveCfg = Debug|Win32
		{F80F0053-B881-4C77-9449-B655CDF64347}.Debug|x86.Build.0 = Debug|Win32
		{F80F0053-B881-4C77-9449-B655CDF64347}.Release|x64.ActiveCfg = Release|x64
		{F80F0053-B881-4C77-9449-B655CDF64347}.Release|x64.Build.0 = Release|x64
		{F80F0053-B881-4C77-9449-B655CDF64347}.Release|x86.ActiveCfg = Release|Win32
		{F80F0053-B881-4C77-9449-B655CDF64347}.Release|x86.Build.0 = Release|Win32
		{5AFBFB5F-DBDC-4B63-A814-6F44D9BCA7FC}.Debug|x64.ActiveCfg = Debug|x64
		{5AFBFB5F-DBDC-4B63-A814-6F44D9BCA7FC}.Debug|x64.Build.0 = Debug|x64
		{5AFBFB5F-DBDC-4B63-A814-6F44D9BCA7FC}.Debug|x86.ActiveCfg = Debug|Win32
		{5AFBFB5F-DBDC-4B63-A814-6F44D9BCA7FC}.Debug|x86.Build.0 = Debug|Win32
		{5AFBFB5F-DBDC-4B63-A814-6F44D9BCA7FC}.Release|x64.ActiveCfg = Release|x64
		{5AFBFB5F-DBDC-4B63-A814-6F44D9BCA7FC}.Release|x64.Build.0 = Release|x64
		{5AFBFB5F-DBDC-4B63-A814-6F44D9BCA7FC}.Release|x86.ActiveCfg = Release|Win32
		{5AFBFB5F-DBDC-4B63-A814-6F44D9BCA7FC}.Release|x86.Build.0 = Release|Win32
		{E224BF46-2C54-465A-87A3-E027ACD20EE1}.Debug|x64.ActiveCfg = Debug|x64
		{E224BF46-2C54-465A-87A3-E027ACD20EE1}.Debug|x64.Build.0 = Debug|x64
		{E224BF46-2C54-465A-87A3-E027ACD20EE1}.Debug|x86.ActiveCfg = Debug|Win32
		{E224BF46-2C54-465A-87A3-E027ACD20EE1}.Debug|x86.Build.0 = Debug|Win32
		{E224BF46-2C54-465A-87A3-E027ACD20EE1}.Release|x64.ActiveCfg = Release|x64
		{E224BF46-2C54-465A-87A3-E027ACD20EE1}.Release|x64.Build.0 = Release|x64
		{E224BF46-2C54-465A-87A3-E027ACD20EE1}.Release|x86.ActiveCfg = Release|Win32
		{E224BF46-2C54-465A-87A3-E027ACD20EE1}.Release|x86.Build.0 = Release|Win32
		{701E9D4B-94F0-4B98-AEC6-2B9B89BD3BC8}.Debug|x64.ActiveCfg = Debug|x64
		{701E9D4B-94F0-4B98-AEC6-2B9B89BD3BC8}.Debug|x64.Build.0 = Debug|x64
		{701E9D4B-94F0-4B98-AEC6-2B9B89BD3BC8}.Debug|x86.ActiveCfg = Debug|Win32
		{701E9D4B-94F0-4B98-AEC6-2B9B89BD3BC8}.Debug|x86.Build.0 = Debug|Win32
		{701E9D4B-94F0-4B98-AEC6-2B9B89BD3BC8}.Release|x64.ActiveCfg = Release|x64
		{701E9D4B-94F0-4B98-AEC6-2B9B89BD3BC8}.Release|x64.Build.0 = Release|x64
		{701E9D4B-94F0-4B98-AEC6-2B9B89BD3BC8}.Release|x86.ActiveCfg = Release|Win32
		{701E9D4B-94F0-4B98-AEC6-2B9B89BD3BC8}.Release|x86.Build.0 = Release|Win32
		{627E8DF9-AB63-4FAB-926F-6C502C973C2F}.Debug|x64.ActiveCfg = Debug|x64
		{627E8DF9-AB63-4FAB-926F-6C502C973C2F}.Debug|x64.Build.0 = Debug|x64
		{627E8DF9-AB63-4FAB-926F-6C502C973C2F}.Debug|x86.ActiveCfg = Debug|Win32
		{627E8DF9-AB63-4FAB-926F-6C502C973C2F}.Debug|x86.Build.0 = Debug|Win32
		{627E8DF9-AB63-4FAB-926F-6C502C973C2F}.Release|x64.ActiveCfg = Release|x64
		{627E8DF9-AB63-4FAB-926F-6C502C973C2F}.Release|x64.Build.0 = Release|x64
		{627E8DF9-AB63-4FAB-926F-6C502C973C2F}.Release|x86.ActiveCfg = Release|Win32
		{627E8DF9-AB63-4FAB-926F-6C502C973C2F}.Release|x86.Build.0 = Release|Win32
		{BA796BC2-46A0-4CBE-89AC-A8400552AFBB}.Debug|x64.ActiveCfg = Debug|x64
		{BA796BC2-46A0-4CBE-89AC-A8400552AFBB}.Debug|x64.Build.0 = Debug|x64
		{BA796BC2-46A0-4CBE-89AC-A8400552AFBB}.Debug|x86.ActiveCfg = Debug|Win32
		{BA796BC2-46A0-4CBE-89AC-A8400552AFBB}.Debug|x86.Build.0 = Debug|Win32
		{BA796BC2-46A0-4CBE-89AC-A8400552AFBB}.Release|x64.ActiveCfg = Release|x64
		{BA796BC2-46A0-4CBE-89AC-A8400552AFBB}.Release|x64.Build.0 = Release|x64
		{BA796BC2-46A0-4CBE-89AC-A8400552AFBB}.Release|x86.ActiveCfg = Release|Win32
		{BA796BC2-46A0-4CBE-89AC-A8400552AFBB}.Release|x86.Build.0 = Release|Win32
		{D2D465F4-5DDD-45CB-B4DE-1F04836B8E22}.Debug|x64.ActiveCfg = Debug|x64
		{D2D465F4-5DDD-45CB-B4DE-1F04836B8E22}.Debug|x64.Build.0 = Debug|x64
		{D2D465F4-5DDD-45CB-B4DE-1F04836B8E22}.Debug|x86.ActiveCfg = Debug|Win32
		{D2D465F4-5DDD-45CB-B4DE-1F04836B8E22}.Debug|x86.Build.0 = Debug|Win32
		{D2D465F4-5DDD-45CB-B4DE-1F04836B8E22}.Release|x64.ActiveCfg = Release|x64
		{D2D465F4-5DDD-45CB-B4DE-1F04836B8E22}.Release|x64.Build.0 = Release|x64
		{D2D465F4-5DDD-45CB-B4DE-1F04836B8E22}.Release|x86.ActiveCfg = Release|Win32
		{D2D465F4-5DDD-45CB-B4DE-1F04836B8E22}.Release|x86.Build.0 = Release|Win32
		{63E94283-FCA2-405F-821D-DD7B29CEA3E9}.Debug|x64.ActiveCfg = Debug|x64
		{63E94283-FCA2-405F-821D-DD7B29CEA3E9}.Debug|x64.Build.0 = Debug|x64
		{63E94283-FCA2-405F-821D-DD7B29CEA3E9}.Debug|x86.ActiveCfg = Debug|Win32
		{63E94283-FCA2-405F-821D-DD7B29CEA3E9}.Debug|x86.Build.0 = Debug|Win32
		{63E94283-FCA2-405F-821D-DD7B29CEA3E9}.Release|x64.ActiveCfg = Release|x64
		{63E94283-FCA2-405F-821D-DD7B29CEA3E9}.Release|x64.Build.0 = Release|x64
		{63E94283-FCA2-405F-821D-DD7B29CEA3E9}.Release|x86.ActiveCfg = Release|Win32
		{63E94283-FCA2-405F-821D-DD7B29CEA3E9}.Release|x86.Build.0 = Release|Win32
		{341020F0-22AB-499E-8798-6DA6F20C8F7A}.Debug|x64.ActiveCfg = Debug|x64
		{341020F0-22AB-499E-8798-6DA6F20C8F7A}.Debug|x64.Build.0 = Debug|x64
		{341020F0-22AB-499E-8798-6DA6F20C8F7A}.Debug|x86.ActiveCfg = Debug|Win32
		{341020F0-22AB-499E-8798-6DA6F20C8F7A}.Debug|x86.Build.0 = Debug|Win32
		{341020F0-22AB-499E-8798-6DA6F20C8F7A}.Release|x64.ActiveCfg = Release|x64
		{341020F0-22AB-499E-8798-6DA6F20C8F7A}.Release|x64.Build.0 = Release|x64
		{341020F0-22AB-499E-8798-6DA6F20C8F7A}.Release|x86.ActiveCfg = Release|Win32
		{341020F0-22AB-499E-8798-6DA6F20C8F7A}.Release|x86.Build.0 = Release|Win32
		{64B799D5-E3B1-45D9-98CB-173A80B14854}.Debug|x64.ActiveCfg = Debug|x64
		{64B799D5-E3B1-45D9-98CB-173A80B14854}.Debug|x64.Build.0 = Debug|x64
		{64B799D5-E3B1-45D9-98CB-173A80B14854}.Debug|x86.ActiveCfg = Debug|Win32
		{64B799D5-E3B1-45D9-98CB-173A80B14854}.Debug|x86.Build.0 = Debug|Win32
		{64B799D5-E3B1-45D9-98CB-173A80B14854}.Release|x64.ActiveCfg = Release|x64
		{64B799D5-E3B1-45D9-98CB-173A80B14854}.Release|x64.Build.0 = Release|x64
		{64B799D5-E3B1-45D9-98CB-173A80B14854}.Release|x86.ActiveCfg = Release|Win32
		{64B799D5-E3B1-45D9-98CB-173A80B14854}.Release|x86.Build.0 = Release|Win32
		{E3D7B569-8611-4FE0-B552-B3A6A824F8B4}.Debug|x64.ActiveCfg = Debug|x64
		{E3D7B569-8611-4FE0-B552-B3A6A824F8B4}.Debug|x64.Build.0 = Debug|x64
		{E3D7B569-8611-4FE0-B552-B3A6A824F8B4}.Debug|x86.ActiveCfg = Debug|Win32
		{E3D7B569-8611-4FE0-B552-B3A6A824F8B4}.Debug|x86.Build.0 = Debug|Win32
		{E3D7B569-8611-4FE0-B552-B3A6A824F8B4}.Release|x64.ActiveCfg = Release|x64
		{E3D7B569-8611-4FE0-B552-B3A6A824F8B4}.Release|x64.Build.0 = Release|x64
		{E3D7B569-8611-4FE0-B552-B3A6A824F8B4}.Release|x86.ActiveCfg = Release|Win32
		{E3D7B569-8611-4FE0-B552-B3A6A824F8B4}.Release|x86.Build.0 = Release|Win32
		{FF05A212-8060-455C-879D-3A6D0F43C1F7}.Debug|x64.ActiveCfg = Debug|x64
		{FF05A212-8060-455C-879D-3A6D0F43C1F7}.Debug|x64.Build.0 = Debug|x64
		{FF05A212-8060-455C-879D-3A6D0F43C1F7}.Debug|x86.ActiveCfg = Debug|Win32
		{FF05A212-8060-455C-879D-3A6D0F43C1F7}.Debug|x86.Build.0 = Debug|Win32
		{FF05A212-8060-455C-879D-3A6D0F43C1F7}.Release|x64.ActiveCfg = Release|x64
		{FF05A212-8060-455C-879D-3A6D0F43C1F7}.Release|x64.Build.0 = Release|x64
		{FF05A212-8060-455C-879D-3A6D0F43C1F7}.Release|x86.ActiveCfg = Release|Win32
		{FF05A212-8060-455C-879D-3A6D0F43C1F7}.Release|x86.Build.0 = Release|Win32
		{7C83BF5B-106E-460E-A7FC-61E6B8C5135C}.Debug|x64.ActiveCfg = Debug|x64
		{7C83BF5B-106E-460E-A7FC-61E6B8C5135C}.Debug|x64.Build.0 = Debug|x64
		{7C83BF5B-106E-460E-A7FC-61E6B8C5135C}.Debug|x86.ActiveCfg = Debug|Win32
		{7C83BF5B-106E-460E-A7FC-61E6B8C5135C}.Debug|x86.Build.0 = Debug|Win32
		{7C83BF5B-106E-460E-A7FC-61E6B8C5135C}.Release|x64.ActiveCfg = Release|x64
		{7C83BF5B-106E-460E-A7FC-61E6B8C5135C}.Release|x64.Build.0 = Release|x64
		{7C83BF5B-106E-460E-A7FC-61E6B8C5135C}.Release|x86.ActiveCfg = Release|Win32
		{7C83BF5B-106E-460E-A7FC-61E6B8C5135C}.Release|x86.Build.0 = Release|Win32
		{382D06C9-037C-4C56-9014-3B8D63382E70}.Debug|x64.ActiveCfg = Debug|x64
		{382D06C9-037C-4C56-9014-3B8D63382E70}.Debug|x64.Build.0 = Debug|x64
		{382D06C9-037C-4C56-9014-3B8D63382E70}.Debug|x86.ActiveCfg = Debug|Win32
		{382D06C9-037C-4C56-9014-3B8D63382E70}.Debug|x86.Build.0 = Debug|Win32
		{382D06C9-037C-4C56-9014-3B8D63382E70}.Release|x64.ActiveCfg = Release|x64
		{382D06C9-037C-4C56-9014-3B8D63382E70}.Release|x64.Build.0 = Release|x64
		{382D06C9-037C-4C56-9014-3B8D63382E70}.Release|x86.ActiveCfg = Release|Win32
		{382D06C9-037C-4C56-9014-3B8D63382E70}.Release|x86.Build.0 = Release|Win32
		{38C784A3-48C2-4C39-910E-10E8C0F45A00}.Debug|x64.ActiveCfg = Debug|x64
		{38C784A3-48C2-4C39-910E-10E8C0F45A00}.Debug|x64.Build.0 = Debug|x64
		{38C784A3-48C2-4C39-910E-10E8C0F45A00}.Debug|x86.ActiveCfg = Debug|Win32
		{38C784A3-48C2-4C39-910E-10E8C0F45A00}.Debug|x86.Build.0 = Debug|Win32
		{38C784A3-48C2-4C39-910E-10E8C0F45A00}.Release|x64.ActiveCfg = Release|x64
		{38C784A3-48C2-4C39-910E-10E8C0F45A00}.Release|x64.Build.0 = Release|x64
		{38C784A3-48C2-4C39-910E-10E8C0F45A00}.Release|x86.ActiveCfg = Release|Win32
		{38C784A3-48C2-4C39-910E-10E8C0F45A00}.Release|x86.Build.0 = Release|Win32
		{C8536364-28A7-47DD-BD77-FB82CBD6300A}.Debug|x64.ActiveCfg = Debug|x64
		{C8536364-28A7-47DD-BD77-FB82CBD6300A}.Debug|x64.Build.0 = Debug|x64
		{C8536364-28A7-47DD-BD77-FB82CBD6300A}.Debug|x86.ActiveCfg = Debug|Win32
		{C8536364-28A7-47DD-BD77-FB82CBD6300A}.Debug|x86.Build.0 = Debug|Win32
		{C8536364-28A7-47DD-BD77-FB82CBD6300A}.Release|x64.ActiveCfg = Release|x64
		{C8536364-28A7-47DD-BD77-FB82CBD6300A}.Release|x64.Build.0 = Release|x64
		{C8536364-28A7-47DD-BD77-FB82CBD6300A}.Release|x86.ActiveCfg = Release|Win32
		{C8536364-28A7-47DD-BD77-FB82CBD6300A}.Release|x86.Build.0 = Release|Win32
		{D9BBBB1B-F8EC-46FE-8E7F-016EDB042222}.Debug|x64.ActiveCfg = Debug|x64
		{D9BBBB1B-F8EC-46FE-8E7F-016EDB042222}.Debug|x64.Build.0 = Debug|x64
		{D9BBBB1B-F8EC-46FE-8E7F-016EDB042222}.Debug|x86.ActiveCfg = Debug|Win32
		{D9BBBB1B-F8EC-46FE-8E7F-016EDB042222}.Debug|x86.Build.0 = Debug|Win32
		{D9BBBB1B-F8EC-46FE-8E7F-016EDB042222}.Release|x64.ActiveCfg = Release|x64
		{D9BBBB1B-F8EC-46FE-8E7F-016EDB042222}.Release|x64.Build.0 = Release|x64
		{D9BBBB1B-F8EC-46FE-8E7F-016EDB042222}.Release|x86.ActiveCfg = Release|Win32
		{D9BBBB1B-F8EC-46FE-8E7F-016EDB042222}.Release|x86.Build.0 = Release|Win32
		{A4376DD4-E5B6-41A5-818A-001C82788D4C}.Debug|x64.ActiveCfg = Debug|x64
		{A4376DD4-E5B6-41A5-818A-001C82788D4C}.Debug|x64.Build.0 = Debug|x64
		{A4376DD4-E5B6-41A5-818A-001C82788D4C}.Debug|x86.ActiveCfg = Debug|Win32
		{A4376DD4-E5B6-41A5-818A-001C82788D4C}.Debug|x86.Build.0 = Debug|Win32
		{A4376DD4-E5B6-41A5-818A-001C82788D4C}.Release|x64.ActiveCfg = Release|x64
		{A4376DD4-E5B6-41A5-818A-001C82788D4C}.Release|x64.Build.0 = Release|x64
		{A4376DD4-E5B6-41A5-818A-001C82788D4C}.Release|x86.ActiveCfg = Release|Win32
		{A4376DD4-E5B6-41A5-818A-001C82788D4C}.Release|x86.Build.0 = Release|Win32
		{686C26A9-CB9B-4D0D-811D-BC6942F73C5F}.Debug|x64.ActiveCfg = Debug|x64
		{686C26A9-CB9B-4D0D-811D-BC6942F73C5F}.Debug|x64.Build.0 = Debug|x64
		{686C26A9-CB9B-4D0D-811D-BC6942F73C5F}.Debug|x86.ActiveCfg = Debug|Win32
		{686C26A9-CB9B-4D0D-811D-BC6942F73C5F}.Debug|x86.Build.0 = Debug|Win32
		{686C26A9-CB9B-4D0D-811D-BC6942F73C5F}.Release|x64.ActiveCfg = Release|x64
		{686C26A9-CB9B-4D0D-811D-BC6942F73C5F}.Release|x64.Build.0 = Release|x64
		{686C26A9-CB9B-4D0D-811D-BC6942F73C5F}.Release|x86.ActiveCfg = Release|Win32
		{686C26A9-CB9B-4D0D-811D-BC6942F73C5F}.Release|x86.Build.0 = Release|Win32
		{4A3B9EC9-BC25-4BCF-88FC-B33B354301D0}.Debug|x64.ActiveCfg = Debug|x64
		{4A3B9EC9-BC25-4BCF-88FC-B33B354301D0}.Debug|x64.Build.0 = Debug|x64
		{4A3B9EC9-BC25-4BCF-88FC-B33B354301D0}.Debug|x86.ActiveCfg = Debug|Win32
		{4A3B9EC9-BC25-4BCF-88FC-B33B354301D0}.Debug|x86.Build.0 = Debug|Win32
		{4A3B9EC9-BC25-4BCF-88FC-B33B354301D0}.Release|x64.ActiveCfg = Release|x64
		{4A3B9EC9-BC25-4BCF-88FC-B33B354301D0}.Release|x64.Build.0 = Release|x64
		{4A3B9EC9-BC25-4BCF-88FC-B33B354301D0}.Release|x86.ActiveCfg = Release|Win32
		{4A3B9EC9-BC25-4BCF-88FC-B33B354301D0}.Release|x86.Build.0 = Release|Win32
		{388888CF-CE2D-42BB-91DA-1B88F9EE3AEE}.Debug|x64.ActiveCfg = Debug|x64
		{388888CF-CE2D-42BB-91DA-1B88F9EE3AEE}.Debug|x64.Build.0 = Debug|x64
		{388888CF-CE2D-42BB-91DA-1B88F9EE3AEE}.Debug|x86.ActiveCfg = Debug|Win32
		{388888CF-CE2D-42BB-91DA-1B88F9EE3AEE}.Debug|x86.Build.0 = Debug|Win32
		{388888CF-CE2D-42BB-91DA-1B88F9EE3AEE}.Release|x64.ActiveCfg = Release|x64
		{388888CF-CE2D-42BB-91DA-1B88F9EE3AEE}.Release|x64.Build.0 = Release|x64
		{388888CF-CE2D-42BB-91DA-1B88F9EE3AEE}.Release|x86.ActiveCfg = Release|Win32
		{388888CF-CE2D-42BB-91DA-1B88F9EE3AEE}.Release|x86.Build.0 = Release|Win32
		{02A8010C-937D-4230-967C-E9D7E6108BC3}.Debug|x64.ActiveCfg = Debug|x64
		{02A8010C-937D-4230-967C-E9D7E6108BC3}.Debug|x64.Build.0 = Debug|x64
		{02A8010C-937D-4230-967C-E9D7E6108BC3}.Debug|x86.ActiveCfg = Debug|Win32
		{02A8010C-937D-4230-967C-E9D7E6108BC3}.Debug|x86.Build.0 = Debug|Win32
		{02A8010C-937D-4230-967C-E9D7E6108BC3}.Release|x64.ActiveCfg = Release|x64
		{02A8010C-937D-4230-967C-E9D7E6108BC3}.Release|x64.Build.0 = Release|x64
		{02A8010C-937D-4230-967C-E9D7E6108BC3}.Release|x86.ActiveCfg = Release|Win32
		{02A8010C-937D-4230-967C-E9D7E6108BC3}.Release|x86.Build.0 = Release|Win32
	EndGlobalSection
	GlobalSection(SolutionProperties) = preSolution
		HideSolutionNode = FALSE
	EndGlobalSection
	GlobalSection(ExtensibilityGlobals) = postSolution
		SolutionGuid = {985331F0-16A5-4819-A574-978247D076DE}
	EndGlobalSection
EndGlobal
